# THIS IS AN AUTOGENERATED FILE. DO NOT EDIT THIS FILE DIRECTLY.
# yarn lockfile v1


axe-core@^3.3.2:
  version "3.3.2"
  resolved "https://registry.yarnpkg.com/axe-core/-/axe-core-3.3.2.tgz#7baf3c55a5cf1621534a2c38735f5a1bf2f7e1a8"
  integrity sha512-lRdxsRt7yNhqpcXQk1ao1BL73OZDzmFCWOG0mC4tGR/r14ohH2payjHwCMQjHGbBKm924eDlmG7utAGHiX/A6g==

react-axe@^3.0.0:
  version "3.3.0"
  resolved "https://registry.yarnpkg.com/react-axe/-/react-axe-3.3.0.tgz#b87bff644ed3ed6f1ca12bcc64c00000e359c25b"
  integrity sha512-JoxU2jcTla37U6MtqIoYnGaRQcAHkNm9JxTjx2wcEgFm8Zd2A2vo9eboxcmpLjklXDKJwJNbyDo2Jcbbme6xwA==
  dependencies:
    axe-core "^3.3.2"
    requestidlecallback "^0.3.0"

requestidlecallback@^0.3.0:
  version "0.3.0"
  resolved "https://registry.yarnpkg.com/requestidlecallback/-/requestidlecallback-0.3.0.tgz#6fb74e0733f90df3faa4838f9f6a2a5f9b742ac5"
  integrity sha1-b7dOBzP5DfP6pIOPn2oqX5t0KsU=
